
Microsoft Visual Studio Solution File, Format Version 12.00
# Visual Studio Version 16
VisualStudioVersion = 16.0.808.3
MinimumVisualStudioVersion = 10.0.40219.1
Project("{FAE04EC0-301F-11D3-BF4B-00C04F79EFBC}") = "AgendaAPI", "AgendaAPI\AgendaAPI.csproj", "{3AC82161-F88D-4CB1-95B3-C2B65B9CECFC}"
EndProject
Global
	GlobalSection(SolutionConfigurationPlatforms) = preSolution
		Debug|Any CPU = Debug|Any CPU
		Release|Any CPU = Release|Any CPU
	EndGlobalSection
	GlobalSection(ProjectConfigurationPlatforms) = postSolution
		{3AC82161-F88D-4CB1-95B3-C2B65B9CECFC}.Debug|Any CPU.ActiveCfg = Debug|Any CPU
		{3AC82161-F88D-4CB1-95B3-C2B65B9CECFC}.Debug|Any CPU.Build.0 = Debug|Any CPU
		{3AC82161-F88D-4CB1-95B3-C2B65B9CECFC}.Release|Any CPU.ActiveCfg = Release|Any CPU
		{3AC82161-F88D-4CB1-95B3-C2B65B9CECFC}.Release|Any CPU.Build.0 = Release|Any CPU
	EndGlobalSection
	GlobalSection(SolutionProperties) = preSolution
		HideSolutionNode = FALSE
	EndGlobalSection
	GlobalSection(ExtensibilityGlobals) = postSolution
		SolutionGuid = {69CE226D-F7D1-4F34-9841-9AA771F533D4}
	EndGlobalSection
EndGlobal
